
Microsoft Visual Studio Solution File, Format Version 12.00
# Visual Studio Version 17
VisualStudioVersion = 17.9.34902.65
MinimumVisualStudioVersion = 10.0.40219.1
Project("{FAE04EC0-301F-11D3-BF4B-00C04F79EFBC}") = "MediaGeralPOO", "MediaGeralPOO\MediaGeralPOO.csproj", "{D3BC73B2-C01E-43D4-ADA3-514BB3E66C1E}"
EndProject
Global
	GlobalSection(SolutionConfigurationPlatforms) = preSolution
		Debug|Any CPU = Debug|Any CPU
		Release|Any CPU = Release|Any CPU
	EndGlobalSection
	GlobalSection(ProjectConfigurationPlatforms) = postSolution
		{D3BC73B2-C01E-43D4-ADA3-514BB3E66C1E}.Debug|Any CPU.ActiveCfg = Debug|Any CPU
		{D3BC73B2-C01E-43D4-ADA3-514BB3E66C1E}.Debug|Any CPU.Build.0 = Debug|Any CPU
		{D3BC73B2-C01E-43D4-ADA3-514BB3E66C1E}.Release|Any CPU.ActiveCfg = Release|Any CPU
		{D3BC73B2-C01E-43D4-ADA3-514BB3E66C1E}.Release|Any CPU.Build.0 = Release|Any CPU
	EndGlobalSection
	GlobalSection(SolutionProperties) = preSolution
		HideSolutionNode = FALSE
	EndGlobalSection
	GlobalSection(ExtensibilityGlobals) = postSolution
		SolutionGuid = {744BF86C-54F6-4310-9262-FA6BAAA669B8}
	EndGlobalSection
EndGlobal
